
Microsoft Visual Studio Solution File, Format Version 12.00
# Visual Studio Version 16
VisualStudioVersion = 16.0.31702.278
MinimumVisualStudioVersion = 10.0.40219.1
Project("{FAE04EC0-301F-11D3-BF4B-00C04F79EFBC}") = "DandG", "DandG\DandG.csproj", "{D46F6588-8442-49CE-A772-5E692DD881D4}"
EndProject
Global
	GlobalSection(SolutionConfigurationPlatforms) = preSolution
		Debug|Any CPU = Debug|Any CPU
		Release|Any CPU = Release|Any CPU
	EndGlobalSection
	GlobalSection(ProjectConfigurationPlatforms) = postSolution
		{D46F6588-8442-49CE-A772-5E692DD881D4}.Debug|Any CPU.ActiveCfg = Debug|Any CPU
		{D46F6588-8442-49CE-A772-5E692DD881D4}.Debug|Any CPU.Build.0 = Debug|Any CPU
		{D46F6588-8442-49CE-A772-5E692DD881D4}.Release|Any CPU.ActiveCfg = Release|Any CPU
		{D46F6588-8442-49CE-A772-5E692DD881D4}.Release|Any CPU.Build.0 = Release|Any CPU
	EndGlobalSection
	GlobalSection(SolutionProperties) = preSolution
		HideSolutionNode = FALSE
	EndGlobalSection
	GlobalSection(ExtensibilityGlobals) = postSolution
		SolutionGuid = {EDB1838A-9102-41DD-85AC-D8B1AA040BCB}
	EndGlobalSection
EndGlobal
